
Microsoft Visual Studio Solution File, Format Version 12.00
# Visual Studio 15
VisualStudioVersion = 15.0.33801.198
MinimumVisualStudioVersion = 10.0.40219.1
Project("{FAE04EC0-301F-11D3-BF4B-00C04F79EFBC}") = "GIT", "GIT\GIT.csproj", "{C3E61233-9487-4B2A-B286-AAB55D2D294E}"
EndProject
Global
	GlobalSection(SolutionConfigurationPlatforms) = preSolution
		Debug|Any CPU = Debug|Any CPU
		Release|Any CPU = Release|Any CPU
	EndGlobalSection
	GlobalSection(ProjectConfigurationPlatforms) = postSolution
		{C3E61233-9487-4B2A-B286-AAB55D2D294E}.Debug|Any CPU.ActiveCfg = Debug|Any CPU
		{C3E61233-9487-4B2A-B286-AAB55D2D294E}.Debug|Any CPU.Build.0 = Debug|Any CPU
		{C3E61233-9487-4B2A-B286-AAB55D2D294E}.Release|Any CPU.ActiveCfg = Release|Any CPU
		{C3E61233-9487-4B2A-B286-AAB55D2D294E}.Release|Any CPU.Build.0 = Release|Any CPU
	EndGlobalSection
	GlobalSection(SolutionProperties) = preSolution
		HideSolutionNode = FALSE
	EndGlobalSection
	GlobalSection(ExtensibilityGlobals) = postSolution
		SolutionGuid = {1786D9D6-EF58-44A3-A370-02FD4E9A7FE7}
	EndGlobalSection
EndGlobal
